{
  "name": "sds-generator",
  "version": "1.0.28",
  "lockfileVersion": 3,
  "requires": true,
  "packages": {
    "": {
      "name": "sds-generator",
      "version": "1.0.28",
      "license": "MIT",
      "bin": {
        "sds": "sds.js"
      },
      "engines": {
        "node": ">=18.0.0"
      }
    }
  }
}
